
Microsoft Visual Studio Solution File, Format Version 12.00
# Visual Studio 15
VisualStudioVersion = 15.0.26124.0
MinimumVisualStudioVersion = 15.0.26124.0
Project("{FAE04EC0-301F-11D3-BF4B-00C04F79EFBC}") = "BankOcr", "src\BankOcr\BankOcr.csproj", "{04A36572-67B9-47DF-9BB5-76BCCD2D2621}"
EndProject
Project("{FAE04EC0-301F-11D3-BF4B-00C04F79EFBC}") = "BankOcr.Commit.Tests", "src\BankOcr.Commit.Tests\BankOcr.Commit.Tests.csproj", "{C0CB2CE3-B4C9-42DC-9BF6-88129400546E}"
EndProject
Project("{FAE04EC0-301F-11D3-BF4B-00C04F79EFBC}") = "MctLib", "src\MctLib\MctLib.csproj", "{60F3FDED-FBD6-4103-AF32-8B0D82A12105}"
EndProject
Project("{2150E333-8FDC-42A3-9474-1A3956D46DE8}") = "src", "src", "{ABDED59B-D6C5-4DE9-93AC-C2C5BFF7D799}"
EndProject
Project("{FAE04EC0-301F-11D3-BF4B-00C04F79EFBC}") = "BankOcr.Acceptance.Tests", "src\BankOcr.Acceptance.Tests\BankOcr.Acceptance.Tests.csproj", "{68E6E885-F00B-4863-9BCB-31A0D8AF5634}"
EndProject
Global
	GlobalSection(SolutionConfigurationPlatforms) = preSolution
		Debug|Any CPU = Debug|Any CPU
		Debug|x64 = Debug|x64
		Debug|x86 = Debug|x86
		Release|Any CPU = Release|Any CPU
		Release|x64 = Release|x64
		Release|x86 = Release|x86
	EndGlobalSection
	GlobalSection(SolutionProperties) = preSolution
		HideSolutionNode = FALSE
	EndGlobalSection
	GlobalSection(ProjectConfigurationPlatforms) = postSolution
		{04A36572-67B9-47DF-9BB5-76BCCD2D2621}.Debug|Any CPU.ActiveCfg = Debug|Any CPU
		{04A36572-67B9-47DF-9BB5-76BCCD2D2621}.Debug|Any CPU.Build.0 = Debug|Any CPU
		{04A36572-67B9-47DF-9BB5-76BCCD2D2621}.Debug|x64.ActiveCfg = Debug|Any CPU
		{04A36572-67B9-47DF-9BB5-76BCCD2D2621}.Debug|x64.Build.0 = Debug|Any CPU
		{04A36572-67B9-47DF-9BB5-76BCCD2D2621}.Debug|x86.ActiveCfg = Debug|Any CPU
		{04A36572-67B9-47DF-9BB5-76BCCD2D2621}.Debug|x86.Build.0 = Debug|Any CPU
		{04A36572-67B9-47DF-9BB5-76BCCD2D2621}.Release|Any CPU.ActiveCfg = Release|Any CPU
		{04A36572-67B9-47DF-9BB5-76BCCD2D2621}.Release|Any CPU.Build.0 = Release|Any CPU
		{04A36572-67B9-47DF-9BB5-76BCCD2D2621}.Release|x64.ActiveCfg = Release|Any CPU
		{04A36572-67B9-47DF-9BB5-76BCCD2D2621}.Release|x64.Build.0 = Release|Any CPU
		{04A36572-67B9-47DF-9BB5-76BCCD2D2621}.Release|x86.ActiveCfg = Release|Any CPU
		{04A36572-67B9-47DF-9BB5-76BCCD2D2621}.Release|x86.Build.0 = Release|Any CPU
		{C0CB2CE3-B4C9-42DC-9BF6-88129400546E}.Debug|Any CPU.ActiveCfg = Debug|Any CPU
		{C0CB2CE3-B4C9-42DC-9BF6-88129400546E}.Debug|Any CPU.Build.0 = Debug|Any CPU
		{C0CB2CE3-B4C9-42DC-9BF6-88129400546E}.Debug|x64.ActiveCfg = Debug|Any CPU
		{C0CB2CE3-B4C9-42DC-9BF6-88129400546E}.Debug|x64.Build.0 = Debug|Any CPU
		{C0CB2CE3-B4C9-42DC-9BF6-88129400546E}.Debug|x86.ActiveCfg = Debug|Any CPU
		{C0CB2CE3-B4C9-42DC-9BF6-88129400546E}.Debug|x86.Build.0 = Debug|Any CPU
		{C0CB2CE3-B4C9-42DC-9BF6-88129400546E}.Release|Any CPU.ActiveCfg = Release|Any CPU
		{C0CB2CE3-B4C9-42DC-9BF6-88129400546E}.Release|Any CPU.Build.0 = Release|Any CPU
		{C0CB2CE3-B4C9-42DC-9BF6-88129400546E}.Release|x64.ActiveCfg = Release|Any CPU
		{C0CB2CE3-B4C9-42DC-9BF6-88129400546E}.Release|x64.Build.0 = Release|Any CPU
		{C0CB2CE3-B4C9-42DC-9BF6-88129400546E}.Release|x86.ActiveCfg = Release|Any CPU
		{C0CB2CE3-B4C9-42DC-9BF6-88129400546E}.Release|x86.Build.0 = Release|Any CPU
		{60F3FDED-FBD6-4103-AF32-8B0D82A12105}.Debug|Any CPU.ActiveCfg = Debug|Any CPU
		{60F3FDED-FBD6-4103-AF32-8B0D82A12105}.Debug|Any CPU.Build.0 = Debug|Any CPU
		{60F3FDED-FBD6-4103-AF32-8B0D82A12105}.Debug|x64.ActiveCfg = Debug|Any CPU
		{60F3FDED-FBD6-4103-AF32-8B0D82A12105}.Debug|x64.Build.0 = Debug|Any CPU
		{60F3FDED-FBD6-4103-AF32-8B0D82A12105}.Debug|x86.ActiveCfg = Debug|Any CPU
		{60F3FDED-FBD6-4103-AF32-8B0D82A12105}.Debug|x86.Build.0 = Debug|Any CPU
		{60F3FDED-FBD6-4103-AF32-8B0D82A12105}.Release|Any CPU.ActiveCfg = Release|Any CPU
		{60F3FDED-FBD6-4103-AF32-8B0D82A12105}.Release|Any CPU.Build.0 = Release|Any CPU
		{60F3FDED-FBD6-4103-AF32-8B0D82A12105}.Release|x64.ActiveCfg = Release|Any CPU
		{60F3FDED-FBD6-4103-AF32-8B0D82A12105}.Release|x64.Build.0 = Release|Any CPU
		{60F3FDED-FBD6-4103-AF32-8B0D82A12105}.Release|x86.ActiveCfg = Release|Any CPU
		{60F3FDED-FBD6-4103-AF32-8B0D82A12105}.Release|x86.Build.0 = Release|Any CPU
		{68E6E885-F00B-4863-9BCB-31A0D8AF5634}.Debug|Any CPU.ActiveCfg = Debug|Any CPU
		{68E6E885-F00B-4863-9BCB-31A0D8AF5634}.Debug|Any CPU.Build.0 = Debug|Any CPU
		{68E6E885-F00B-4863-9BCB-31A0D8AF5634}.Debug|x64.ActiveCfg = Debug|Any CPU
		{68E6E885-F00B-4863-9BCB-31A0D8AF5634}.Debug|x64.Build.0 = Debug|Any CPU
		{68E6E885-F00B-4863-9BCB-31A0D8AF5634}.Debug|x86.ActiveCfg = Debug|Any CPU
		{68E6E885-F00B-4863-9BCB-31A0D8AF5634}.Debug|x86.Build.0 = Debug|Any CPU
		{68E6E885-F00B-4863-9BCB-31A0D8AF5634}.Release|Any CPU.ActiveCfg = Release|Any CPU
		{68E6E885-F00B-4863-9BCB-31A0D8AF5634}.Release|Any CPU.Build.0 = Release|Any CPU
		{68E6E885-F00B-4863-9BCB-31A0D8AF5634}.Release|x64.ActiveCfg = Release|Any CPU
		{68E6E885-F00B-4863-9BCB-31A0D8AF5634}.Release|x64.Build.0 = Release|Any CPU
		{68E6E885-F00B-4863-9BCB-31A0D8AF5634}.Release|x86.ActiveCfg = Release|Any CPU
		{68E6E885-F00B-4863-9BCB-31A0D8AF5634}.Release|x86.Build.0 = Release|Any CPU
	EndGlobalSection
	GlobalSection(NestedProjects) = preSolution
		{68E6E885-F00B-4863-9BCB-31A0D8AF5634} = {ABDED59B-D6C5-4DE9-93AC-C2C5BFF7D799}
	EndGlobalSection
EndGlobal
